// !$*UTF8*$!
{
	archiveVersion = 1;
	classes = {
	};
	objectVersion = 46;
	objects = {

/* Begin PBXBuildFile section */
		4C51BE9412D0471600E79CEB /* Cocoa.framework in Frameworks */ = {isa = PBXBuildFile; fileRef = 4C51BE9312D0471600E79CEB /* Cocoa.framework */; };
		8D576314048677EA00EA77CD /* CoreFoundation.framework in Frameworks */ = {isa = PBXBuildFile; fileRef = 0AA1909FFE8422F4C02AAC07 /* CoreFoundation.framework */; };
		DA71508717588C3100DC2063 /* TXPaste.m in Sources */ = {isa = PBXBuildFile; fileRef = DA71508117588C3100DC2063 /* TXPaste.m */; };
		DA71508B17588C4200DC2063 /* PasteSheet.xib in Resources */ = {isa = PBXBuildFile; fileRef = DA71508817588C4200DC2063 /* PasteSheet.xib */; };
		DA72473F18D5C36A00F63A7D /* TXPasteSheet.m in Sources */ = {isa = PBXBuildFile; fileRef = DA72473E18D5C36A00F63A7D /* TXPasteSheet.m */; };
		DA9FE3A71979539C00AAF6D9 /* NoodleLineNumberView.m in Sources */ = {isa = PBXBuildFile; fileRef = DA9FE3A01979539C00AAF6D9 /* NoodleLineNumberView.m */; };
		DA9FE3A81979539C00AAF6D9 /* TXComboBoxCell.m in Sources */ = {isa = PBXBuildFile; fileRef = DA9FE3A21979539C00AAF6D9 /* TXComboBoxCell.m */; };
		DA9FE3A91979539C00AAF6D9 /* TXPasteHelper.m in Sources */ = {isa = PBXBuildFile; fileRef = DA9FE3A41979539C00AAF6D9 /* TXPasteHelper.m */; };
		DA9FE3AA1979539C00AAF6D9 /* TXPastePrefs.m in Sources */ = {isa = PBXBuildFile; fileRef = DA9FE3A61979539C00AAF6D9 /* TXPastePrefs.m */; };
		DAF00ED418D70F3000048B07 /* WebKit.framework in Frameworks */ = {isa = PBXBuildFile; fileRef = DAF00ED318D70F3000048B07 /* WebKit.framework */; };
/* End PBXBuildFile section */

/* Begin PBXCopyFilesBuildPhase section */
		DA000FFF18D73FEF00BBF55B /* CopyFiles */ = {
			isa = PBXCopyFilesBuildPhase;
			buildActionMask = 2147483647;
			dstPath = html/css;
			dstSubfolderSpec = 7;
			files = (
			);
			runOnlyForDeploymentPostprocessing = 0;
		};
		DA00100318D7404100BBF55B /* CopyFiles */ = {
			isa = PBXCopyFilesBuildPhase;
			buildActionMask = 2147483647;
			dstPath = html/fonts;
			dstSubfolderSpec = 7;
			files = (
			);
			runOnlyForDeploymentPostprocessing = 0;
		};
		DA00100918D7405800BBF55B /* CopyFiles */ = {
			isa = PBXCopyFilesBuildPhase;
			buildActionMask = 2147483647;
			dstPath = html/js;
			dstSubfolderSpec = 7;
			files = (
			);
			runOnlyForDeploymentPostprocessing = 0;
		};
		DA00100C18D740B300BBF55B /* CopyFiles */ = {
			isa = PBXCopyFilesBuildPhase;
			buildActionMask = 2147483647;
			dstPath = html;
			dstSubfolderSpec = 7;
			files = (
			);
			runOnlyForDeploymentPostprocessing = 0;
		};
/* End PBXCopyFilesBuildPhase section */

/* Begin PBXFileReference section */
		0AA1909FFE8422F4C02AAC07 /* CoreFoundation.framework */ = {isa = PBXFileReference; lastKnownFileType = wrapper.framework; name = CoreFoundation.framework; path = /System/Library/Frameworks/CoreFoundation.framework; sourceTree = "<absolute>"; };
		4C51BE9312D0471600E79CEB /* Cocoa.framework */ = {isa = PBXFileReference; lastKnownFileType = wrapper.framework; name = Cocoa.framework; path = System/Library/Frameworks/Cocoa.framework; sourceTree = SDKROOT; };
		8D576316048677EA00EA77CD /* TXPaste.bundle */ = {isa = PBXFileReference; explicitFileType = wrapper.cfbundle; includeInIndex = 0; path = TXPaste.bundle; sourceTree = BUILT_PRODUCTS_DIR; };
		DA71508017588C3100DC2063 /* TXPaste.h */ = {isa = PBXFileReference; fileEncoding = 4; lastKnownFileType = sourcecode.c.h; name = TXPaste.h; path = Classes/TXPaste.h; sourceTree = "<group>"; };
		DA71508117588C3100DC2063 /* TXPaste.m */ = {isa = PBXFileReference; fileEncoding = 4; lastKnownFileType = sourcecode.c.objc; name = TXPaste.m; path = Classes/TXPaste.m; sourceTree = "<group>"; };
		DA71508817588C4200DC2063 /* PasteSheet.xib */ = {isa = PBXFileReference; fileEncoding = 4; lastKnownFileType = file.xib; name = PasteSheet.xib; path = Resources/PasteSheet.xib; sourceTree = "<group>"; };
		DA71508917588C4200DC2063 /* Info.plist */ = {isa = PBXFileReference; fileEncoding = 4; lastKnownFileType = text.plist.xml; name = Info.plist; path = Resources/Info.plist; sourceTree = "<group>"; };
		DA72473D18D5C36A00F63A7D /* TXPasteSheet.h */ = {isa = PBXFileReference; fileEncoding = 4; lastKnownFileType = sourcecode.c.h; name = TXPasteSheet.h; path = Classes/TXPasteSheet.h; sourceTree = "<group>"; };
		DA72473E18D5C36A00F63A7D /* TXPasteSheet.m */ = {isa = PBXFileReference; fileEncoding = 4; lastKnownFileType = sourcecode.c.objc; name = TXPasteSheet.m; path = Classes/TXPasteSheet.m; sourceTree = "<group>"; };
		DA9FE39F1979539C00AAF6D9 /* NoodleLineNumberView.h */ = {isa = PBXFileReference; fileEncoding = 4; lastKnownFileType = sourcecode.c.h; name = NoodleLineNumberView.h; path = Classes/NoodleLineNumberView.h; sourceTree = "<group>"; };
		DA9FE3A01979539C00AAF6D9 /* NoodleLineNumberView.m */ = {isa = PBXFileReference; fileEncoding = 4; lastKnownFileType = sourcecode.c.objc; name = NoodleLineNumberView.m; path = Classes/NoodleLineNumberView.m; sourceTree = "<group>"; };
		DA9FE3A11979539C00AAF6D9 /* TXComboBoxCell.h */ = {isa = PBXFileReference; fileEncoding = 4; lastKnownFileType = sourcecode.c.h; name = TXComboBoxCell.h; path = Classes/TXComboBoxCell.h; sourceTree = "<group>"; };
		DA9FE3A21979539C00AAF6D9 /* TXComboBoxCell.m */ = {isa = PBXFileReference; fileEncoding = 4; lastKnownFileType = sourcecode.c.objc; name = TXComboBoxCell.m; path = Classes/TXComboBoxCell.m; sourceTree = "<group>"; };
		DA9FE3A31979539C00AAF6D9 /* TXPasteHelper.h */ = {isa = PBXFileReference; fileEncoding = 4; lastKnownFileType = sourcecode.c.h; name = TXPasteHelper.h; path = Classes/TXPasteHelper.h; sourceTree = "<group>"; };
		DA9FE3A41979539C00AAF6D9 /* TXPasteHelper.m */ = {isa = PBXFileReference; fileEncoding = 4; lastKnownFileType = sourcecode.c.objc; name = TXPasteHelper.m; path = Classes/TXPasteHelper.m; sourceTree = "<group>"; };
		DA9FE3A51979539C00AAF6D9 /* TXPastePrefs.h */ = {isa = PBXFileReference; fileEncoding = 4; lastKnownFileType = sourcecode.c.h; name = TXPastePrefs.h; path = Classes/TXPastePrefs.h; sourceTree = "<group>"; };
		DA9FE3A61979539C00AAF6D9 /* TXPastePrefs.m */ = {isa = PBXFileReference; fileEncoding = 4; lastKnownFileType = sourcecode.c.objc; name = TXPastePrefs.m; path = Classes/TXPastePrefs.m; sourceTree = "<group>"; };
		DAF00ED318D70F3000048B07 /* WebKit.framework */ = {isa = PBXFileReference; lastKnownFileType = wrapper.framework; name = WebKit.framework; path = System/Library/Frameworks/WebKit.framework; sourceTree = SDKROOT; };
/* End PBXFileReference section */

/* Begin PBXFrameworksBuildPhase section */
		8D576313048677EA00EA77CD /* Frameworks */ = {
			isa = PBXFrameworksBuildPhase;
			buildActionMask = 2147483647;
			files = (
				DAF00ED418D70F3000048B07 /* WebKit.framework in Frameworks */,
				8D576314048677EA00EA77CD /* CoreFoundation.framework in Frameworks */,
				4C51BE9412D0471600E79CEB /* Cocoa.framework in Frameworks */,
			);
			runOnlyForDeploymentPostprocessing = 0;
		};
/* End PBXFrameworksBuildPhase section */

/* Begin PBXGroup section */
		089C166AFE841209C02AAC07 /* PreferencePaneExample */ = {
			isa = PBXGroup;
			children = (
				08FB77AFFE84173DC02AAC07 /* Source */,
				089C167CFE841241C02AAC07 /* Resources */,
				089C1671FE841209C02AAC07 /* Frameworks */,
				19C28FB6FE9D52B211CA2CBB /* Products */,
			);
			name = PreferencePaneExample;
			sourceTree = "<group>";
		};
		089C1671FE841209C02AAC07 /* Frameworks */ = {
			isa = PBXGroup;
			children = (
				DAF00ED318D70F3000048B07 /* WebKit.framework */,
				4C51BE9312D0471600E79CEB /* Cocoa.framework */,
				0AA1909FFE8422F4C02AAC07 /* CoreFoundation.framework */,
			);
			name = Frameworks;
			sourceTree = "<group>";
		};
		089C167CFE841241C02AAC07 /* Resources */ = {
			isa = PBXGroup;
			children = (
				DA71508917588C4200DC2063 /* Info.plist */,
				DA71508817588C4200DC2063 /* PasteSheet.xib */,
			);
			name = Resources;
			sourceTree = "<group>";
		};
		08FB77AFFE84173DC02AAC07 /* Source */ = {
			isa = PBXGroup;
			children = (
				DA9FE39F1979539C00AAF6D9 /* NoodleLineNumberView.h */,
				DA9FE3A01979539C00AAF6D9 /* NoodleLineNumberView.m */,
				DA9FE3A11979539C00AAF6D9 /* TXComboBoxCell.h */,
				DA9FE3A21979539C00AAF6D9 /* TXComboBoxCell.m */,
				DA9FE3A31979539C00AAF6D9 /* TXPasteHelper.h */,
				DA9FE3A41979539C00AAF6D9 /* TXPasteHelper.m */,
				DA9FE3A51979539C00AAF6D9 /* TXPastePrefs.h */,
				DA9FE3A61979539C00AAF6D9 /* TXPastePrefs.m */,
				DA71508017588C3100DC2063 /* TXPaste.h */,
				DA71508117588C3100DC2063 /* TXPaste.m */,
				DA72473D18D5C36A00F63A7D /* TXPasteSheet.h */,
				DA72473E18D5C36A00F63A7D /* TXPasteSheet.m */,
			);
			name = Source;
			sourceTree = "<group>";
		};
		19C28FB6FE9D52B211CA2CBB /* Products */ = {
			isa = PBXGroup;
			children = (
				8D576316048677EA00EA77CD /* TXPaste.bundle */,
			);
			name = Products;
			sourceTree = "<group>";
		};
/* End PBXGroup section */

/* Begin PBXNativeTarget section */
		8D57630D048677EA00EA77CD /* TXPaste */ = {
			isa = PBXNativeTarget;
			buildConfigurationList = 1DEB911A08733D790010E9CD /* Build configuration list for PBXNativeTarget "TXPaste" */;
			buildPhases = (
				8D57630F048677EA00EA77CD /* Resources */,
				DA000FFF18D73FEF00BBF55B /* CopyFiles */,
				DA00100318D7404100BBF55B /* CopyFiles */,
				DA00100918D7405800BBF55B /* CopyFiles */,
				DA00100C18D740B300BBF55B /* CopyFiles */,
				8D576311048677EA00EA77CD /* Sources */,
				8D576313048677EA00EA77CD /* Frameworks */,
			);
			buildRules = (
			);
			dependencies = (
			);
			name = TXPaste;
			productInstallPath = "$(HOME)/Library/Bundles";
			productName = PreferencePaneExample;
			productReference = 8D576316048677EA00EA77CD /* TXPaste.bundle */;
			productType = "com.apple.product-type.bundle";
		};
/* End PBXNativeTarget section */

/* Begin PBXProject section */
		089C1669FE841209C02AAC07 /* Project object */ = {
			isa = PBXProject;
			attributes = {
				LastUpgradeCheck = 0500;
			};
			buildConfigurationList = 1DEB911E08733D790010E9CD /* Build configuration list for PBXProject "TXPaste" */;
			compatibilityVersion = "Xcode 3.2";
			developmentRegion = English;
			hasScannedForEncodings = 1;
			knownRegions = (
				English,
				Japanese,
				French,
				German,
			);
			mainGroup = 089C166AFE841209C02AAC07 /* PreferencePaneExample */;
			projectDirPath = "";
			projectRoot = "";
			targets = (
				8D57630D048677EA00EA77CD /* TXPaste */,
			);
		};
/* End PBXProject section */

/* Begin PBXResourcesBuildPhase section */
		8D57630F048677EA00EA77CD /* Resources */ = {
			isa = PBXResourcesBuildPhase;
			buildActionMask = 2147483647;
			files = (
				DA71508B17588C4200DC2063 /* PasteSheet.xib in Resources */,
			);
			runOnlyForDeploymentPostprocessing = 0;
		};
/* End PBXResourcesBuildPhase section */

/* Begin PBXSourcesBuildPhase section */
		8D576311048677EA00EA77CD /* Sources */ = {
			isa = PBXSourcesBuildPhase;
			buildActionMask = 2147483647;
			files = (
				DA9FE3A81979539C00AAF6D9 /* TXComboBoxCell.m in Sources */,
				DA9FE3A71979539C00AAF6D9 /* NoodleLineNumberView.m in Sources */,
				DA9FE3AA1979539C00AAF6D9 /* TXPastePrefs.m in Sources */,
				DA9FE3A91979539C00AAF6D9 /* TXPasteHelper.m in Sources */,
				DA71508717588C3100DC2063 /* TXPaste.m in Sources */,
				DA72473F18D5C36A00F63A7D /* TXPasteSheet.m in Sources */,
			);
			runOnlyForDeploymentPostprocessing = 0;
		};
/* End PBXSourcesBuildPhase section */

/* Begin XCBuildConfiguration section */
		1DEB911B08733D790010E9CD /* Debug */ = {
			isa = XCBuildConfiguration;
			buildSettings = {
				BUNDLE_LOADER = "/Applications/Textual 5.app/Contents/MacOS/Textual 5";
				COMBINE_HIDPI_IMAGES = YES;
				COPY_PHASE_STRIP = NO;
				FRAMEWORK_SEARCH_PATHS = "\"/Applications/Textual 5.app/Contents/Frameworks\"/**";
				GCC_DYNAMIC_NO_PIC = NO;
				GCC_MODEL_TUNING = G5;
				GCC_OPTIMIZATION_LEVEL = 0;
				HEADER_SEARCH_PATHS = "\"/Applications/Textual 5.app/Contents/Headers\"";
				INFOPLIST_FILE = Resources/Info.plist;
				INSTALL_PATH = "$(HOME)/Library/Bundles";
				MACOSX_DEPLOYMENT_TARGET = 10.8;
				PRODUCT_NAME = TXPaste;
				SDKROOT = macosx;
				VALID_ARCHS = "i386 x86_64";
				WRAPPER_EXTENSION = bundle;
			};
			name = Debug;
		};
		1DEB911C08733D790010E9CD /* Release */ = {
			isa = XCBuildConfiguration;
			buildSettings = {
				BUNDLE_LOADER = "/Applications/Textual 5.app/Contents/MacOS/Textual 5";
				COMBINE_HIDPI_IMAGES = YES;
				DEBUG_INFORMATION_FORMAT = "dwarf-with-dsym";
				FRAMEWORK_SEARCH_PATHS = "\"/Applications/Textual 5.app/Contents/Frameworks\"/**";
				GCC_MODEL_TUNING = G5;
				HEADER_SEARCH_PATHS = "\"/Applications/Textual 5.app/Contents/Headers\"";
				INFOPLIST_FILE = Resources/Info.plist;
				INSTALL_PATH = "$(HOME)/Library/Bundles";
				MACOSX_DEPLOYMENT_TARGET = 10.8;
				PRODUCT_NAME = TXPaste;
				SDKROOT = macosx;
				VALID_ARCHS = "i386 x86_64";
				WRAPPER_EXTENSION = bundle;
			};
			name = Release;
		};
		1DEB911F08733D790010E9CD /* Debug */ = {
			isa = XCBuildConfiguration;
			buildSettings = {
				ALWAYS_SEARCH_USER_PATHS = NO;
				CLANG_WARN_BOOL_CONVERSION = YES;
				CLANG_WARN_CONSTANT_CONVERSION = YES;
				CLANG_WARN_EMPTY_BODY = YES;
				CLANG_WARN_ENUM_CONVERSION = YES;
				CLANG_WARN_INT_CONVERSION = YES;
				CLANG_WARN__DUPLICATE_METHOD_MATCH = YES;
				CODE_SIGN_IDENTITY = "Mac Developer";
				FRAMEWORK_SEARCH_PATHS = "\"/Applications/Textual 5.app/Contents/Frameworks\"/**";
				GCC_C_LANGUAGE_STANDARD = gnu99;
				GCC_OPTIMIZATION_LEVEL = 0;
				GCC_VERSION = com.apple.compilers.llvm.clang.1_0;
				GCC_WARN_64_TO_32_BIT_CONVERSION = YES;
				GCC_WARN_ABOUT_RETURN_TYPE = YES;
				GCC_WARN_UNDECLARED_SELECTOR = YES;
				GCC_WARN_UNINITIALIZED_AUTOS = YES;
				GCC_WARN_UNUSED_FUNCTION = YES;
				GCC_WARN_UNUSED_VARIABLE = YES;
				HEADER_SEARCH_PATHS = "\"/Applications/Textual 5.app/Contents/Headers\"";
				MACOSX_DEPLOYMENT_TARGET = 10.8;
				ONLY_ACTIVE_ARCH = YES;
				SDKROOT = macosx;
				VALID_ARCHS = x86_64;
			};
			name = Debug;
		};
		1DEB912008733D790010E9CD /* Release */ = {
			isa = XCBuildConfiguration;
			buildSettings = {
				ALWAYS_SEARCH_USER_PATHS = NO;
				CLANG_WARN_BOOL_CONVERSION = YES;
				CLANG_WARN_CONSTANT_CONVERSION = YES;
				CLANG_WARN_EMPTY_BODY = YES;
				CLANG_WARN_ENUM_CONVERSION = YES;
				CLANG_WARN_INT_CONVERSION = YES;
				CLANG_WARN__DUPLICATE_METHOD_MATCH = YES;
				CODE_SIGN_IDENTITY = "Mac Developer";
				FRAMEWORK_SEARCH_PATHS = "\"/Applications/Textual 5.app/Contents/Frameworks\"/**";
				GCC_C_LANGUAGE_STANDARD = gnu99;
				GCC_VERSION = com.apple.compilers.llvm.clang.1_0;
				GCC_WARN_64_TO_32_BIT_CONVERSION = YES;
				GCC_WARN_ABOUT_RETURN_TYPE = YES;
				GCC_WARN_UNDECLARED_SELECTOR = YES;
				GCC_WARN_UNINITIALIZED_AUTOS = YES;
				GCC_WARN_UNUSED_FUNCTION = YES;
				GCC_WARN_UNUSED_VARIABLE = YES;
				HEADER_SEARCH_PATHS = "\"/Applications/Textual 5.app/Contents/Headers\"";
				MACOSX_DEPLOYMENT_TARGET = 10.8;
				ONLY_ACTIVE_ARCH = NO;
				SDKROOT = macosx;
				VALID_ARCHS = x86_64;
			};
			name = Release;
		};
/* End XCBuildConfiguration section */

/* Begin XCConfigurationList section */
		1DEB911A08733D790010E9CD /* Build configuration list for PBXNativeTarget "TXPaste" */ = {
			isa = XCConfigurationList;
			buildConfigurations = (
				1DEB911B08733D790010E9CD /* Debug */,
				1DEB911C08733D790010E9CD /* Release */,
			);
			defaultConfigurationIsVisible = 0;
			defaultConfigurationName = Release;
		};
		1DEB911E08733D790010E9CD /* Build configuration list for PBXProject "TXPaste" */ = {
			isa = XCConfigurationList;
			buildConfigurations = (
				1DEB911F08733D790010E9CD /* Debug */,
				1DEB912008733D790010E9CD /* Release */,
			);
			defaultConfigurationIsVisible = 0;
			defaultConfigurationName = Release;
		};
/* End XCConfigurationList section */
	};
	rootObject = 089C1669FE841209C02AAC07 /* Project object */;
}
